
Microsoft Visual Studio Solution File, Format Version 12.00
# Visual Studio Version 17
VisualStudioVersion = 17.11.35222.181
MinimumVisualStudioVersion = 10.0.40219.1
Project("{FAE04EC0-301F-11D3-BF4B-00C04F79EFBC}") = "CelsiusToFahrenheitTable", "CelsiusToFahrenheitTable.csproj", "{ED707352-9116-4AD1-92E0-068FF9F078F7}"
EndProject
Global
	GlobalSection(SolutionConfigurationPlatforms) = preSolution
		Debug|Any CPU = Debug|Any CPU
		Release|Any CPU = Release|Any CPU
	EndGlobalSection
	GlobalSection(ProjectConfigurationPlatforms) = postSolution
		{ED707352-9116-4AD1-92E0-068FF9F078F7}.Debug|Any CPU.ActiveCfg = Debug|Any CPU
		{ED707352-9116-4AD1-92E0-068FF9F078F7}.Debug|Any CPU.Build.0 = Debug|Any CPU
		{ED707352-9116-4AD1-92E0-068FF9F078F7}.Release|Any CPU.ActiveCfg = Release|Any CPU
		{ED707352-9116-4AD1-92E0-068FF9F078F7}.Release|Any CPU.Build.0 = Release|Any CPU
	EndGlobalSection
	GlobalSection(SolutionProperties) = preSolution
		HideSolutionNode = FALSE
	EndGlobalSection
	GlobalSection(ExtensibilityGlobals) = postSolution
		SolutionGuid = {D2A4A07A-3E0A-443B-931D-9316E5B1AB26}
	EndGlobalSection
EndGlobal
